{
  "pins" : [
    {
      "identity" : "banubalicenseservicingsdk",
      "kind" : "remoteSourceControl",
      "location" : "https://github.com/Banuba/BanubaLicenseServicingSDK.git",
      "state" : {
        "revision" : "d1f93b2a9ea1abfae63bcd4591fd63de550df8f6",
        "version" : "1.40.0-beta.4"
      }
    },
    {
      "identity" : "banubautilities-ios",
      "kind" : "remoteSourceControl",
      "location" : "https://github.com/Banuba/BanubaUtilities-iOS.git",
      "state" : {
        "revision" : "e6db234be9b8bace066ca739212027408c9d4bc7",
        "version" : "1.40.0-beta.3"
      }
    },
    {
      "identity" : "banubavideoeditorcore-ios",
      "kind" : "remoteSourceControl",
      "location" : "https://github.com/Banuba/BanubaVideoEditorCore-iOS.git",
      "state" : {
        "revision" : "aa264b0154dc9b9d03418dfcad51435880e567e4",
        "version" : "1.40.0-beta.4"
      }
    }
  ],
  "version" : 2
}
